// !$*UTF8*$!
{
	archiveVersion = 1;
	classes = {
	};
	objectVersion = 46;
	objects = {

/* Begin PBXBuildFile section */
		25F3A6301D30408B00A51C99 /* AppDelegate.swift in Sources */ = {isa = PBXBuildFile; fileRef = 25F3A62F1D30408B00A51C99 /* AppDelegate.swift */; };
		25F3A6321D30408B00A51C99 /* ViewController.swift in Sources */ = {isa = PBXBuildFile; fileRef = 25F3A6311D30408B00A51C99 /* ViewController.swift */; };
		25F3A6351D30408B00A51C99 /* Main.storyboard in Resources */ = {isa = PBXBuildFile; fileRef = 25F3A6331D30408B00A51C99 /* Main.storyboard */; };
		25F3A6371D30408B00A51C99 /* Assets.xcassets in Resources */ = {isa = PBXBuildFile; fileRef = 25F3A6361D30408B00A51C99 /* Assets.xcassets */; };
		25F3A63A1D30408B00A51C99 /* LaunchScreen.storyboard in Resources */ = {isa = PBXBuildFile; fileRef = 25F3A6381D30408B00A51C99 /* LaunchScreen.storyboard */; };
		25F3A6451D30408B00A51C99 /* IOS5FeaturesTests.swift in Sources */ = {isa = PBXBuildFile; fileRef = 25F3A6441D30408B00A51C99 /* IOS5FeaturesTests.swift */; };
		25F3A6501D30408B00A51C99 /* IOS5FeaturesUITests.swift in Sources */ = {isa = PBXBuildFile; fileRef = 25F3A64F1D30408B00A51C99 /* IOS5FeaturesUITests.swift */; };
/* End PBXBuildFile section */

/* Begin PBXContainerItemProxy section */
		25F3A6411D30408B00A51C99 /* PBXContainerItemProxy */ = {
			isa = PBXContainerItemProxy;
			containerPortal = 25F3A6241D30408B00A51C99 /* Project object */;
			proxyType = 1;
			remoteGlobalIDString = 25F3A62B1D30408B00A51C99;
			remoteInfo = IOS5Features;
		};
		25F3A64C1D30408B00A51C99 /* PBXContainerItemProxy */ = {
			isa = PBXContainerItemProxy;
			containerPortal = 25F3A6241D30408B00A51C99 /* Project object */;
			proxyType = 1;
			remoteGlobalIDString = 25F3A62B1D30408B00A51C99;
			remoteInfo = IOS5Features;
		};
/* End PBXContainerItemProxy section */

/* Begin PBXFileReference section */
		25F3A62C1D30408B00A51C99 /* IOS5Features.app */ = {isa = PBXFileReference; explicitFileType = wrapper.application; includeInIndex = 0; path = IOS5Features.app; sourceTree = BUILT_PRODUCTS_DIR; };
		25F3A62F1D30408B00A51C99 /* AppDelegate.swift */ = {isa = PBXFileReference; lastKnownFileType = sourcecode.swift; path = AppDelegate.swift; sourceTree = "<group>"; };
		25F3A6311D30408B00A51C99 /* ViewController.swift */ = {isa = PBXFileReference; lastKnownFileType = sourcecode.swift; path = ViewController.swift; sourceTree = "<group>"; };
		25F3A6341D30408B00A51C99 /* Base */ = {isa = PBXFileReference; lastKnownFileType = file.storyboard; name = Base; path = Base.lproj/Main.storyboard; sourceTree = "<group>"; };
		25F3A6361D30408B00A51C99 /* Assets.xcassets */ = {isa = PBXFileReference; lastKnownFileType = folder.assetcatalog; path = Assets.xcassets; sourceTree = "<group>"; };
		25F3A6391D30408B00A51C99 /* Base */ = {isa = PBXFileReference; lastKnownFileType = file.storyboard; name = Base; path = Base.lproj/LaunchScreen.storyboard; sourceTree = "<group>"; };
		25F3A63B1D30408B00A51C99 /* Info.plist */ = {isa = PBXFileReference; lastKnownFileType = text.plist.xml; path = Info.plist; sourceTree = "<group>"; };
		25F3A6401D30408B00A51C99 /* IOS5FeaturesTests.xctest */ = {isa = PBXFileReference; explicitFileType = wrapper.cfbundle; includeInIndex = 0; path = IOS5FeaturesTests.xctest; sourceTree = BUILT_PRODUCTS_DIR; };
		25F3A6441D30408B00A51C99 /* IOS5FeaturesTests.swift */ = {isa = PBXFileReference; lastKnownFileType = sourcecode.swift; path = IOS5FeaturesTests.swift; sourceTree = "<group>"; };
		25F3A6461D30408B00A51C99 /* Info.plist */ = {isa = PBXFileReference; lastKnownFileType = text.plist.xml; path = Info.plist; sourceTree = "<group>"; };
		25F3A64B1D30408B00A51C99 /* IOS5FeaturesUITests.xctest */ = {isa = PBXFileReference; explicitFileType = wrapper.cfbundle; includeInIndex = 0; path = IOS5FeaturesUITests.xctest; sourceTree = BUILT_PRODUCTS_DIR; };
		25F3A64F1D30408B00A51C99 /* IOS5FeaturesUITests.swift */ = {isa = PBXFileReference; lastKnownFileType = sourcecode.swift; path = IOS5FeaturesUITests.swift; sourceTree = "<group>"; };
		25F3A6511D30408B00A51C99 /* Info.plist */ = {isa = PBXFileReference; lastKnownFileType = text.plist.xml; path = Info.plist; sourceTree = "<group>"; };
/* End PBXFileReference section */

/* Begin PBXFrameworksBuildPhase section */
		25F3A6291D30408B00A51C99 /* Frameworks */ = {
			isa = PBXFrameworksBuildPhase;
			buildActionMask = 2147483647;
			files = (
			);
			runOnlyForDeploymentPostprocessing = 0;
		};
		25F3A63D1D30408B00A51C99 /* Frameworks */ = {
			isa = PBXFrameworksBuildPhase;
			buildActionMask = 2147483647;
			files = (
			);
			runOnlyForDeploymentPostprocessing = 0;
		};
		25F3A6481D30408B00A51C99 /* Frameworks */ = {
			isa = PBXFrameworksBuildPhase;
			buildActionMask = 2147483647;
			files = (
			);
			runOnlyForDeploymentPostprocessing = 0;
		};
/* End PBXFrameworksBuildPhase section */

/* Begin PBXGroup section */
		25F3A6231D30408B00A51C99 = {
			isa = PBXGroup;
			children = (
				25F3A62E1D30408B00A51C99 /* IOS5Features */,
				25F3A6431D30408B00A51C99 /* IOS5FeaturesTests */,
				25F3A64E1D30408B00A51C99 /* IOS5FeaturesUITests */,
				25F3A62D1D30408B00A51C99 /* Products */,
			);
			sourceTree = "<group>";
		};
		25F3A62D1D30408B00A51C99 /* Products */ = {
			isa = PBXGroup;
			children = (
				25F3A62C1D30408B00A51C99 /* IOS5Features.app */,
				25F3A6401D30408B00A51C99 /* IOS5FeaturesTests.xctest */,
				25F3A64B1D30408B00A51C99 /* IOS5FeaturesUITests.xctest */,
			);
			name = Products;
			sourceTree = "<group>";
		};
		25F3A62E1D30408B00A51C99 /* IOS5Features */ = {
			isa = PBXGroup;
			children = (
				25F3A62F1D30408B00A51C99 /* AppDelegate.swift */,
				25F3A6311D30408B00A51C99 /* ViewController.swift */,
				25F3A6331D30408B00A51C99 /* Main.storyboard */,
				25F3A6361D30408B00A51C99 /* Assets.xcassets */,
				25F3A6381D30408B00A51C99 /* LaunchScreen.storyboard */,
				25F3A63B1D30408B00A51C99 /* Info.plist */,
			);
			path = IOS5Features;
			sourceTree = "<group>";
		};
		25F3A6431D30408B00A51C99 /* IOS5FeaturesTests */ = {
			isa = PBXGroup;
			children = (
				25F3A6441D30408B00A51C99 /* IOS5FeaturesTests.swift */,
				25F3A6461D30408B00A51C99 /* Info.plist */,
			);
			path = IOS5FeaturesTests;
			sourceTree = "<group>";
		};
		25F3A64E1D30408B00A51C99 /* IOS5FeaturesUITests */ = {
			isa = PBXGroup;
			children = (
				25F3A64F1D30408B00A51C99 /* IOS5FeaturesUITests.swift */,
				25F3A6511D30408B00A51C99 /* Info.plist */,
			);
			path = IOS5FeaturesUITests;
			sourceTree = "<group>";
		};
/* End PBXGroup section */

/* Begin PBXNativeTarget section */
		25F3A62B1D30408B00A51C99 /* IOS5Features */ = {
			isa = PBXNativeTarget;
			buildConfigurationList = 25F3A6541D30408B00A51C99 /* Build configuration list for PBXNativeTarget "IOS5Features" */;
			buildPhases = (
				25F3A6281D30408B00A51C99 /* Sources */,
				25F3A6291D30408B00A51C99 /* Frameworks */,
				25F3A62A1D30408B00A51C99 /* Resources */,
			);
			buildRules = (
			);
			dependencies = (
			);
			name = IOS5Features;
			productName = IOS5Features;
			productReference = 25F3A62C1D30408B00A51C99 /* IOS5Features.app */;
			productType = "com.apple.product-type.application";
		};
		25F3A63F1D30408B00A51C99 /* IOS5FeaturesTests */ = {
			isa = PBXNativeTarget;
			buildConfigurationList = 25F3A6571D30408B00A51C99 /* Build configuration list for PBXNativeTarget "IOS5FeaturesTests" */;
			buildPhases = (
				25F3A63C1D30408B00A51C99 /* Sources */,
				25F3A63D1D30408B00A51C99 /* Frameworks */,
				25F3A63E1D30408B00A51C99 /* Resources */,
			);
			buildRules = (
			);
			dependencies = (
				25F3A6421D30408B00A51C99 /* PBXTargetDependency */,
			);
			name = IOS5FeaturesTests;
			productName = IOS5FeaturesTests;
			productReference = 25F3A6401D30408B00A51C99 /* IOS5FeaturesTests.xctest */;
			productType = "com.apple.product-type.bundle.unit-test";
		};
		25F3A64A1D30408B00A51C99 /* IOS5FeaturesUITests */ = {
			isa = PBXNativeTarget;
			buildConfigurationList = 25F3A65A1D30408B00A51C99 /* Build configuration list for PBXNativeTarget "IOS5FeaturesUITests" */;
			buildPhases = (
				25F3A6471D30408B00A51C99 /* Sources */,
				25F3A6481D30408B00A51C99 /* Frameworks */,
				25F3A6491D30408B00A51C99 /* Resources */,
			);
			buildRules = (
			);
			dependencies = (
				25F3A64D1D30408B00A51C99 /* PBXTargetDependency */,
			);
			name = IOS5FeaturesUITests;
			productName = IOS5FeaturesUITests;
			productReference = 25F3A64B1D30408B00A51C99 /* IOS5FeaturesUITests.xctest */;
			productType = "com.apple.product-type.bundle.ui-testing";
		};
/* End PBXNativeTarget section */

/* Begin PBXProject section */
		25F3A6241D30408B00A51C99 /* Project object */ = {
			isa = PBXProject;
			attributes = {
				LastSwiftUpdateCheck = 0730;
				LastUpgradeCheck = 0730;
				ORGANIZATIONNAME = KITE;
				TargetAttributes = {
					25F3A62B1D30408B00A51C99 = {
						CreatedOnToolsVersion = 7.3.1;
						DevelopmentTeam = 5P7K8EQMRR;
					};
					25F3A63F1D30408B00A51C99 = {
						CreatedOnToolsVersion = 7.3.1;
						DevelopmentTeam = 5P7K8EQMRR;
						TestTargetID = 25F3A62B1D30408B00A51C99;
					};
					25F3A64A1D30408B00A51C99 = {
						CreatedOnToolsVersion = 7.3.1;
						DevelopmentTeam = 5P7K8EQMRR;
						TestTargetID = 25F3A62B1D30408B00A51C99;
					};
				};
			};
			buildConfigurationList = 25F3A6271D30408B00A51C99 /* Build configuration list for PBXProject "IOS5Features" */;
			compatibilityVersion = "Xcode 3.2";
			developmentRegion = English;
			hasScannedForEncodings = 0;
			knownRegions = (
				en,
				Base,
			);
			mainGroup = 25F3A6231D30408B00A51C99;
			productRefGroup = 25F3A62D1D30408B00A51C99 /* Products */;
			projectDirPath = "";
			projectRoot = "";
			targets = (
				25F3A62B1D30408B00A51C99 /* IOS5Features */,
				25F3A63F1D30408B00A51C99 /* IOS5FeaturesTests */,
				25F3A64A1D30408B00A51C99 /* IOS5FeaturesUITests */,
			);
		};
/* End PBXProject section */

/* Begin PBXResourcesBuildPhase section */
		25F3A62A1D30408B00A51C99 /* Resources */ = {
			isa = PBXResourcesBuildPhase;
			buildActionMask = 2147483647;
			files = (
				25F3A63A1D30408B00A51C99 /* LaunchScreen.storyboard in Resources */,
				25F3A6371D30408B00A51C99 /* Assets.xcassets in Resources */,
				25F3A6351D30408B00A51C99 /* Main.storyboard in Resources */,
			);
			runOnlyForDeploymentPostprocessing = 0;
		};
		25F3A63E1D30408B00A51C99 /* Resources */ = {
			isa = PBXResourcesBuildPhase;
			buildActionMask = 2147483647;
			files = (
			);
			runOnlyForDeploymentPostprocessing = 0;
		};
		25F3A6491D30408B00A51C99 /* Resources */ = {
			isa = PBXResourcesBuildPhase;
			buildActionMask = 2147483647;
			files = (
			);
			runOnlyForDeploymentPostprocessing = 0;
		};
/* End PBXResourcesBuildPhase section */

/* Begin PBXSourcesBuildPhase section */
		25F3A6281D30408B00A51C99 /* Sources */ = {
			isa = PBXSourcesBuildPhase;
			buildActionMask = 2147483647;
			files = (
				25F3A6321D30408B00A51C99 /* ViewController.swift in Sources */,
				25F3A6301D30408B00A51C99 /* AppDelegate.swift in Sources */,
			);
			runOnlyForDeploymentPostprocessing = 0;
		};
		25F3A63C1D30408B00A51C99 /* Sources */ = {
			isa = PBXSourcesBuildPhase;
			buildActionMask = 2147483647;
			files = (
				25F3A6451D30408B00A51C99 /* IOS5FeaturesTests.swift in Sources */,
			);
			runOnlyForDeploymentPostprocessing = 0;
		};
		25F3A6471D30408B00A51C99 /* Sources */ = {
			isa = PBXSourcesBuildPhase;
			buildActionMask = 2147483647;
			files = (
				25F3A6501D30408B00A51C99 /* IOS5FeaturesUITests.swift in Sources */,
			);
			runOnlyForDeploymentPostprocessing = 0;
		};
/* End PBXSourcesBuildPhase section */

/* Begin PBXTargetDependency section */
		25F3A6421D30408B00A51C99 /* PBXTargetDependency */ = {
			isa = PBXTargetDependency;
			target = 25F3A62B1D30408B00A51C99 /* IOS5Features */;
			targetProxy = 25F3A6411D30408B00A51C99 /* PBXContainerItemProxy */;
		};
		25F3A64D1D30408B00A51C99 /* PBXTargetDependency */ = {
			isa = PBXTargetDependency;
			target = 25F3A62B1D30408B00A51C99 /* IOS5Features */;
			targetProxy = 25F3A64C1D30408B00A51C99 /* PBXContainerItemProxy */;
		};
/* End PBXTargetDependency section */

/* Begin PBXVariantGroup section */
		25F3A6331D30408B00A51C99 /* Main.storyboard */ = {
			isa = PBXVariantGroup;
			children = (
				25F3A6341D30408B00A51C99 /* Base */,
			);
			name = Main.storyboard;
			sourceTree = "<group>";
		};
		25F3A6381D30408B00A51C99 /* LaunchScreen.storyboard */ = {
			isa = PBXVariantGroup;
			children = (
				25F3A6391D30408B00A51C99 /* Base */,
			);
			name = LaunchScreen.storyboard;
			sourceTree = "<group>";
		};
/* End PBXVariantGroup section */

/* Begin XCBuildConfiguration section */
		25F3A6521D30408B00A51C99 /* Debug */ = {
			isa = XCBuildConfiguration;
			buildSettings = {
				ALWAYS_SEARCH_USER_PATHS = NO;
				CLANG_ANALYZER_NONNULL = YES;
				CLANG_CXX_LANGUAGE_STANDARD = "gnu++0x";
				CLANG_CXX_LIBRARY = "libc++";
				CLANG_ENABLE_MODULES = YES;
				CLANG_ENABLE_OBJC_ARC = YES;
				CLANG_WARN_BOOL_CONVERSION = YES;
				CLANG_WARN_CONSTANT_CONVERSION = YES;
				CLANG_WARN_DIRECT_OBJC_ISA_USAGE = YES_ERROR;
				CLANG_WARN_EMPTY_BODY = YES;
				CLANG_WARN_ENUM_CONVERSION = YES;
				CLANG_WARN_INT_CONVERSION = YES;
				CLANG_WARN_OBJC_ROOT_CLASS = YES_ERROR;
				CLANG_WARN_UNREACHABLE_CODE = YES;
				CLANG_WARN__DUPLICATE_METHOD_MATCH = YES;
				"CODE_SIGN_IDENTITY[sdk=iphoneos*]" = "iPhone Developer";
				COPY_PHASE_STRIP = NO;
				DEBUG_INFORMATION_FORMAT = dwarf;
				ENABLE_STRICT_OBJC_MSGSEND = YES;
				ENABLE_TESTABILITY = YES;
				GCC_C_LANGUAGE_STANDARD = gnu99;
				GCC_DYNAMIC_NO_PIC = NO;
				GCC_NO_COMMON_BLOCKS = YES;
				GCC_OPTIMIZATION_LEVEL = 0;
				GCC_PREPROCESSOR_DEFINITIONS = (
					"DEBUG=1",
					"$(inherited)",
				);
				GCC_WARN_64_TO_32_BIT_CONVERSION = YES;
				GCC_WARN_ABOUT_RETURN_TYPE = YES_ERROR;
				GCC_WARN_UNDECLARED_SELECTOR = YES;
				GCC_WARN_UNINITIALIZED_AUTOS = YES_AGGRESSIVE;
				GCC_WARN_UNUSED_FUNCTION = YES;
				GCC_WARN_UNUSED_VARIABLE = YES;
				IPHONEOS_DEPLOYMENT_TARGET = 9.3;
				MTL_ENABLE_DEBUG_INFO = YES;
				ONLY_ACTIVE_ARCH = YES;
				SDKROOT = iphoneos;
				SWIFT_OPTIMIZATION_LEVEL = "-Onone";
				TARGETED_DEVICE_FAMILY = "1,2";
			};
			name = Debug;
		};
		25F3A6531D30408B00A51C99 /* Release */ = {
			isa = XCBuildConfiguration;
			buildSettings = {
				ALWAYS_SEARCH_USER_PATHS = NO;
				CLANG_ANALYZER_NONNULL = YES;
				CLANG_CXX_LANGUAGE_STANDARD = "gnu++0x";
				CLANG_CXX_LIBRARY = "libc++";
				CLANG_ENABLE_MODULES = YES;
				CLANG_ENABLE_OBJC_ARC = YES;
				CLANG_WARN_BOOL_CONVERSION = YES;
				CLANG_WARN_CONSTANT_CONVERSION = YES;
				CLANG_WARN_DIRECT_OBJC_ISA_USAGE = YES_ERROR;
				CLANG_WARN_EMPTY_BODY = YES;
				CLANG_WARN_ENUM_CONVERSION = YES;
				CLANG_WARN_INT_CONVERSION = YES;
				CLANG_WARN_OBJC_ROOT_CLASS = YES_ERROR;
				CLANG_WARN_UNREACHABLE_CODE = YES;
				CLANG_WARN__DUPLICATE_METHOD_MATCH = YES;
				"CODE_SIGN_IDENTITY[sdk=iphoneos*]" = "iPhone Developer";
				COPY_PHASE_STRIP = NO;
				DEBUG_INFORMATION_FORMAT = "dwarf-with-dsym";
				ENABLE_NS_ASSERTIONS = NO;
				ENABLE_STRICT_OBJC_MSGSEND = YES;
				GCC_C_LANGUAGE_STANDARD = gnu99;
				GCC_NO_COMMON_BLOCKS = YES;
				GCC_WARN_64_TO_32_BIT_CONVERSION = YES;
				GCC_WARN_ABOUT_RETURN_TYPE = YES_ERROR;
				GCC_WARN_UNDECLARED_SELECTOR = YES;
				GCC_WARN_UNINITIALIZED_AUTOS = YES_AGGRESSIVE;
				GCC_WARN_UNUSED_FUNCTION = YES;
				GCC_WARN_UNUSED_VARIABLE = YES;
				IPHONEOS_DEPLOYMENT_TARGET = 9.3;
				MTL_ENABLE_DEBUG_INFO = NO;
				SDKROOT = iphoneos;
				TARGETED_DEVICE_FAMILY = "1,2";
				VALIDATE_PRODUCT = YES;
			};
			name = Release;
		};
		25F3A6551D30408B00A51C99 /* Debug */ = {
			isa = XCBuildConfiguration;
			buildSettings = {
				ASSETCATALOG_COMPILER_APPICON_NAME = AppIcon;
				INFOPLIST_FILE = IOS5Features/Info.plist;
				LD_RUNPATH_SEARCH_PATHS = "$(inherited) @executable_path/Frameworks";
				PRODUCT_BUNDLE_IDENTIFIER = com.storybuilder.authentication.IOS5Features;
				PRODUCT_NAME = "$(TARGET_NAME)";
			};
			name = Debug;
		};
		25F3A6561D30408B00A51C99 /* Release */ = {
			isa = XCBuildConfiguration;
			buildSettings = {
				ASSETCATALOG_COMPILER_APPICON_NAME = AppIcon;
				INFOPLIST_FILE = IOS5Features/Info.plist;
				LD_RUNPATH_SEARCH_PATHS = "$(inherited) @executable_path/Frameworks";
				PRODUCT_BUNDLE_IDENTIFIER = com.storybuilder.authentication.IOS5Features;
				PRODUCT_NAME = "$(TARGET_NAME)";
			};
			name = Release;
		};
		25F3A6581D30408B00A51C99 /* Debug */ = {
			isa = XCBuildConfiguration;
			buildSettings = {
				BUNDLE_LOADER = "$(TEST_HOST)";
				INFOPLIST_FILE = IOS5FeaturesTests/Info.plist;
				LD_RUNPATH_SEARCH_PATHS = "$(inherited) @executable_path/Frameworks @loader_path/Frameworks";
				PRODUCT_BUNDLE_IDENTIFIER = com.storybuilder.authentication.IOS5FeaturesTests;
				PRODUCT_NAME = "$(TARGET_NAME)";
				TEST_HOST = "$(BUILT_PRODUCTS_DIR)/IOS5Features.app/IOS5Features";
			};
			name = Debug;
		};
		25F3A6591D30408B00A51C99 /* Release */ = {
			isa = XCBuildConfiguration;
			buildSettings = {
				BUNDLE_LOADER = "$(TEST_HOST)";
				INFOPLIST_FILE = IOS5FeaturesTests/Info.plist;
				LD_RUNPATH_SEARCH_PATHS = "$(inherited) @executable_path/Frameworks @loader_path/Frameworks";
				PRODUCT_BUNDLE_IDENTIFIER = com.storybuilder.authentication.IOS5FeaturesTests;
				PRODUCT_NAME = "$(TARGET_NAME)";
				TEST_HOST = "$(BUILT_PRODUCTS_DIR)/IOS5Features.app/IOS5Features";
			};
			name = Release;
		};
		25F3A65B1D30408B00A51C99 /* Debug */ = {
			isa = XCBuildConfiguration;
			buildSettings = {
				INFOPLIST_FILE = IOS5FeaturesUITests/Info.plist;
				LD_RUNPATH_SEARCH_PATHS = "$(inherited) @executable_path/Frameworks @loader_path/Frameworks";
				PRODUCT_BUNDLE_IDENTIFIER = com.storybuilder.authentication.IOS5FeaturesUITests;
				PRODUCT_NAME = "$(TARGET_NAME)";
				TEST_TARGET_NAME = IOS5Features;
			};
			name = Debug;
		};
		25F3A65C1D30408B00A51C99 /* Release */ = {
			isa = XCBuildConfiguration;
			buildSettings = {
				INFOPLIST_FILE = IOS5FeaturesUITests/Info.plist;
				LD_RUNPATH_SEARCH_PATHS = "$(inherited) @executable_path/Frameworks @loader_path/Frameworks";
				PRODUCT_BUNDLE_IDENTIFIER = com.storybuilder.authentication.IOS5FeaturesUITests;
				PRODUCT_NAME = "$(TARGET_NAME)";
				TEST_TARGET_NAME = IOS5Features;
			};
			name = Release;
		};
/* End XCBuildConfiguration section */

/* Begin XCConfigurationList section */
		25F3A6271D30408B00A51C99 /* Build configuration list for PBXProject "IOS5Features" */ = {
			isa = XCConfigurationList;
			buildConfigurations = (
				25F3A6521D30408B00A51C99 /* Debug */,
				25F3A6531D30408B00A51C99 /* Release */,
			);
			defaultConfigurationIsVisible = 0;
			defaultConfigurationName = Release;
		};
		25F3A6541D30408B00A51C99 /* Build configuration list for PBXNativeTarget "IOS5Features" */ = {
			isa = XCConfigurationList;
			buildConfigurations = (
				25F3A6551D30408B00A51C99 /* Debug */,
				25F3A6561D30408B00A51C99 /* Release */,
			);
			defaultConfigurationIsVisible = 0;
		};
		25F3A6571D30408B00A51C99 /* Build configuration list for PBXNativeTarget "IOS5FeaturesTests" */ = {
			isa = XCConfigurationList;
			buildConfigurations = (
				25F3A6581D30408B00A51C99 /* Debug */,
				25F3A6591D30408B00A51C99 /* Release */,
			);
			defaultConfigurationIsVisible = 0;
		};
		25F3A65A1D30408B00A51C99 /* Build configuration list for PBXNativeTarget "IOS5FeaturesUITests" */ = {
			isa = XCConfigurationList;
			buildConfigurations = (
				25F3A65B1D30408B00A51C99 /* Debug */,
				25F3A65C1D30408B00A51C99 /* Release */,
			);
			defaultConfigurationIsVisible = 0;
		};
/* End XCConfigurationList section */
	};
	rootObject = 25F3A6241D30408B00A51C99 /* Project object */;
}
